
Microsoft Visual Studio Solution File, Format Version 12.00
# Visual Studio Version 17
VisualStudioVersion = 17.9.34607.119
MinimumVisualStudioVersion = 10.0.40219.1
Project("{FAE04EC0-301F-11D3-BF4B-00C04F79EFBC}") = "01. Vehicles", "01. Vehicles\01. Vehicles.csproj", "{28A74A10-5E49-441B-BED9-8941E76F749A}"
EndProject
Project("{FAE04EC0-301F-11D3-BF4B-00C04F79EFBC}") = "02. Vehicles Extension", "02. Vehicles Extension\02. Vehicles Extension.csproj", "{10BE253C-C7BD-4D87-9FC1-8E3C23264077}"
EndProject
Project("{FAE04EC0-301F-11D3-BF4B-00C04F79EFBC}") = "03. Raiding", "03. Raiding\03. Raiding.csproj", "{4DE6763A-F882-4616-B90A-4A6A63942531}"
EndProject
Project("{FAE04EC0-301F-11D3-BF4B-00C04F79EFBC}") = "04. Wild Farm", "04. Wild Farm\04. Wild Farm.csproj", "{9B9318C4-BCBC-489E-80BF-B58DCEE07ACA}"
EndProject
Global
	GlobalSection(SolutionConfigurationPlatforms) = preSolution
		Debug|Any CPU = Debug|Any CPU
		Release|Any CPU = Release|Any CPU
	EndGlobalSection
	GlobalSection(ProjectConfigurationPlatforms) = postSolution
		{28A74A10-5E49-441B-BED9-8941E76F749A}.Debug|Any CPU.ActiveCfg = Debug|Any CPU
		{28A74A10-5E49-441B-BED9-8941E76F749A}.Debug|Any CPU.Build.0 = Debug|Any CPU
		{28A74A10-5E49-441B-BED9-8941E76F749A}.Release|Any CPU.ActiveCfg = Release|Any CPU
		{28A74A10-5E49-441B-BED9-8941E76F749A}.Release|Any CPU.Build.0 = Release|Any CPU
		{10BE253C-C7BD-4D87-9FC1-8E3C23264077}.Debug|Any CPU.ActiveCfg = Debug|Any CPU
		{10BE253C-C7BD-4D87-9FC1-8E3C23264077}.Debug|Any CPU.Build.0 = Debug|Any CPU
		{10BE253C-C7BD-4D87-9FC1-8E3C23264077}.Release|Any CPU.ActiveCfg = Release|Any CPU
		{10BE253C-C7BD-4D87-9FC1-8E3C23264077}.Release|Any CPU.Build.0 = Release|Any CPU
		{4DE6763A-F882-4616-B90A-4A6A63942531}.Debug|Any CPU.ActiveCfg = Debug|Any CPU
		{4DE6763A-F882-4616-B90A-4A6A63942531}.Debug|Any CPU.Build.0 = Debug|Any CPU
		{4DE6763A-F882-4616-B90A-4A6A63942531}.Release|Any CPU.ActiveCfg = Release|Any CPU
		{4DE6763A-F882-4616-B90A-4A6A63942531}.Release|Any CPU.Build.0 = Release|Any CPU
		{9B9318C4-BCBC-489E-80BF-B58DCEE07ACA}.Debug|Any CPU.ActiveCfg = Debug|Any CPU
		{9B9318C4-BCBC-489E-80BF-B58DCEE07ACA}.Debug|Any CPU.Build.0 = Debug|Any CPU
		{9B9318C4-BCBC-489E-80BF-B58DCEE07ACA}.Release|Any CPU.ActiveCfg = Release|Any CPU
		{9B9318C4-BCBC-489E-80BF-B58DCEE07ACA}.Release|Any CPU.Build.0 = Release|Any CPU
	EndGlobalSection
	GlobalSection(SolutionProperties) = preSolution
		HideSolutionNode = FALSE
	EndGlobalSection
	GlobalSection(ExtensibilityGlobals) = postSolution
		SolutionGuid = {5258A37B-4A9F-41DF-A8F1-7C3DDCD44D35}
	EndGlobalSection
EndGlobal
