
Microsoft Visual Studio Solution File, Format Version 12.00
# Visual Studio Version 17
VisualStudioVersion = 17.9.34607.119
MinimumVisualStudioVersion = 10.0.40219.1
Project("{9A19103F-16F7-4668-BE54-9A1E7A4F7556}") = "01. Person", "01. Person\01. Person.csproj", "{D854D535-5456-4AD4-921A-6FD71A060BF9}"
EndProject
Project("{9A19103F-16F7-4668-BE54-9A1E7A4F7556}") = "02. Zoo", "02. Zoo\02. Zoo.csproj", "{717F933F-18CD-4876-A42A-431D5C976A83}"
EndProject
Project("{9A19103F-16F7-4668-BE54-9A1E7A4F7556}") = "03. Players and Monsters", "03. Players and Monsters\03. Players and Monsters.csproj", "{0EDAC7A5-2628-47B6-9277-90E9540E4F65}"
EndProject
Project("{9A19103F-16F7-4668-BE54-9A1E7A4F7556}") = "04. Need for Speed", "04. Need for Speed\04. Need for Speed.csproj", "{F8217502-98DB-47FB-B4C6-8D11F5E9DE2D}"
EndProject
Project("{FAE04EC0-301F-11D3-BF4B-00C04F79EFBC}") = "05. Restaurant", "05. Restaurant\05. Restaurant.csproj", "{6B0B04C8-5A8C-4C34-A86B-D3EC205C3F91}"
EndProject
Global
	GlobalSection(SolutionConfigurationPlatforms) = preSolution
		Debug|Any CPU = Debug|Any CPU
		Release|Any CPU = Release|Any CPU
	EndGlobalSection
	GlobalSection(ProjectConfigurationPlatforms) = postSolution
		{D854D535-5456-4AD4-921A-6FD71A060BF9}.Debug|Any CPU.ActiveCfg = Debug|Any CPU
		{D854D535-5456-4AD4-921A-6FD71A060BF9}.Debug|Any CPU.Build.0 = Debug|Any CPU
		{D854D535-5456-4AD4-921A-6FD71A060BF9}.Release|Any CPU.ActiveCfg = Release|Any CPU
		{D854D535-5456-4AD4-921A-6FD71A060BF9}.Release|Any CPU.Build.0 = Release|Any CPU
		{717F933F-18CD-4876-A42A-431D5C976A83}.Debug|Any CPU.ActiveCfg = Debug|Any CPU
		{717F933F-18CD-4876-A42A-431D5C976A83}.Debug|Any CPU.Build.0 = Debug|Any CPU
		{717F933F-18CD-4876-A42A-431D5C976A83}.Release|Any CPU.ActiveCfg = Release|Any CPU
		{717F933F-18CD-4876-A42A-431D5C976A83}.Release|Any CPU.Build.0 = Release|Any CPU
		{0EDAC7A5-2628-47B6-9277-90E9540E4F65}.Debug|Any CPU.ActiveCfg = Debug|Any CPU
		{0EDAC7A5-2628-47B6-9277-90E9540E4F65}.Debug|Any CPU.Build.0 = Debug|Any CPU
		{0EDAC7A5-2628-47B6-9277-90E9540E4F65}.Release|Any CPU.ActiveCfg = Release|Any CPU
		{0EDAC7A5-2628-47B6-9277-90E9540E4F65}.Release|Any CPU.Build.0 = Release|Any CPU
		{F8217502-98DB-47FB-B4C6-8D11F5E9DE2D}.Debug|Any CPU.ActiveCfg = Debug|Any CPU
		{F8217502-98DB-47FB-B4C6-8D11F5E9DE2D}.Debug|Any CPU.Build.0 = Debug|Any CPU
		{F8217502-98DB-47FB-B4C6-8D11F5E9DE2D}.Release|Any CPU.ActiveCfg = Release|Any CPU
		{F8217502-98DB-47FB-B4C6-8D11F5E9DE2D}.Release|Any CPU.Build.0 = Release|Any CPU
		{6B0B04C8-5A8C-4C34-A86B-D3EC205C3F91}.Debug|Any CPU.ActiveCfg = Debug|Any CPU
		{6B0B04C8-5A8C-4C34-A86B-D3EC205C3F91}.Debug|Any CPU.Build.0 = Debug|Any CPU
		{6B0B04C8-5A8C-4C34-A86B-D3EC205C3F91}.Release|Any CPU.ActiveCfg = Release|Any CPU
		{6B0B04C8-5A8C-4C34-A86B-D3EC205C3F91}.Release|Any CPU.Build.0 = Release|Any CPU
	EndGlobalSection
	GlobalSection(SolutionProperties) = preSolution
		HideSolutionNode = FALSE
	EndGlobalSection
	GlobalSection(ExtensibilityGlobals) = postSolution
		SolutionGuid = {7A64BB73-3981-4DB4-A4AC-551B10406A44}
	EndGlobalSection
EndGlobal
