
Microsoft Visual Studio Solution File, Format Version 12.00
# Visual Studio Version 17
VisualStudioVersion = 17.9.34607.119
MinimumVisualStudioVersion = 10.0.40219.1
Project("{FAE04EC0-301F-11D3-BF4B-00C04F79EFBC}") = "01. Logger", "01. Logger\01. Logger.csproj", "{C0ED3DA1-EB21-4FBC-8C4E-F7EA9B0E3F4B}"
EndProject
Global
	GlobalSection(SolutionConfigurationPlatforms) = preSolution
		Debug|Any CPU = Debug|Any CPU
		Release|Any CPU = Release|Any CPU
	EndGlobalSection
	GlobalSection(ProjectConfigurationPlatforms) = postSolution
		{C0ED3DA1-EB21-4FBC-8C4E-F7EA9B0E3F4B}.Debug|Any CPU.ActiveCfg = Debug|Any CPU
		{C0ED3DA1-EB21-4FBC-8C4E-F7EA9B0E3F4B}.Debug|Any CPU.Build.0 = Debug|Any CPU
		{C0ED3DA1-EB21-4FBC-8C4E-F7EA9B0E3F4B}.Release|Any CPU.ActiveCfg = Release|Any CPU
		{C0ED3DA1-EB21-4FBC-8C4E-F7EA9B0E3F4B}.Release|Any CPU.Build.0 = Release|Any CPU
	EndGlobalSection
	GlobalSection(SolutionProperties) = preSolution
		HideSolutionNode = FALSE
	EndGlobalSection
	GlobalSection(ExtensibilityGlobals) = postSolution
		SolutionGuid = {52596184-6B7B-48BA-BD8C-5AC33205339C}
	EndGlobalSection
EndGlobal
