
Microsoft Visual Studio Solution File, Format Version 12.00
# Visual Studio Version 17
VisualStudioVersion = 17.9.34607.119
MinimumVisualStudioVersion = 10.0.40219.1
Project("{FAE04EC0-301F-11D3-BF4B-00C04F79EFBC}") = "01. Square Root", "01. Square Root\01. Square Root.csproj", "{AB7015F7-6064-49E6-9AB7-A9A25ADFFAFE}"
EndProject
Project("{FAE04EC0-301F-11D3-BF4B-00C04F79EFBC}") = "02. Enter Numbers", "02. Enter Numbers\02. Enter Numbers.csproj", "{220CEBA4-7608-4A6A-AFD7-3B26BE5F6CEE}"
EndProject
Project("{FAE04EC0-301F-11D3-BF4B-00C04F79EFBC}") = "03. Cards", "03. Cards\03. Cards.csproj", "{7CBDD0C0-09FF-4D3A-A530-27C38040AC81}"
EndProject
Project("{FAE04EC0-301F-11D3-BF4B-00C04F79EFBC}") = "04. Sum of Integers", "04. Sum of Integers\04. Sum of Integers.csproj", "{4D5A84E2-D311-45FD-A2F6-4C5C9C569AFF}"
EndProject
Project("{FAE04EC0-301F-11D3-BF4B-00C04F79EFBC}") = "05. Play Catch", "05. Play Catch\05. Play Catch.csproj", "{7FBF4EA5-EC31-4B39-A48D-D9301F4B7934}"
EndProject
Project("{FAE04EC0-301F-11D3-BF4B-00C04F79EFBC}") = "06. Money Transactions", "06. Money Transactions\06. Money Transactions.csproj", "{2600E5E4-C02F-4023-97D3-854422D49052}"
EndProject
Global
	GlobalSection(SolutionConfigurationPlatforms) = preSolution
		Debug|Any CPU = Debug|Any CPU
		Release|Any CPU = Release|Any CPU
	EndGlobalSection
	GlobalSection(ProjectConfigurationPlatforms) = postSolution
		{AB7015F7-6064-49E6-9AB7-A9A25ADFFAFE}.Debug|Any CPU.ActiveCfg = Debug|Any CPU
		{AB7015F7-6064-49E6-9AB7-A9A25ADFFAFE}.Debug|Any CPU.Build.0 = Debug|Any CPU
		{AB7015F7-6064-49E6-9AB7-A9A25ADFFAFE}.Release|Any CPU.ActiveCfg = Release|Any CPU
		{AB7015F7-6064-49E6-9AB7-A9A25ADFFAFE}.Release|Any CPU.Build.0 = Release|Any CPU
		{220CEBA4-7608-4A6A-AFD7-3B26BE5F6CEE}.Debug|Any CPU.ActiveCfg = Debug|Any CPU
		{220CEBA4-7608-4A6A-AFD7-3B26BE5F6CEE}.Debug|Any CPU.Build.0 = Debug|Any CPU
		{220CEBA4-7608-4A6A-AFD7-3B26BE5F6CEE}.Release|Any CPU.ActiveCfg = Release|Any CPU
		{220CEBA4-7608-4A6A-AFD7-3B26BE5F6CEE}.Release|Any CPU.Build.0 = Release|Any CPU
		{7CBDD0C0-09FF-4D3A-A530-27C38040AC81}.Debug|Any CPU.ActiveCfg = Debug|Any CPU
		{7CBDD0C0-09FF-4D3A-A530-27C38040AC81}.Debug|Any CPU.Build.0 = Debug|Any CPU
		{7CBDD0C0-09FF-4D3A-A530-27C38040AC81}.Release|Any CPU.ActiveCfg = Release|Any CPU
		{7CBDD0C0-09FF-4D3A-A530-27C38040AC81}.Release|Any CPU.Build.0 = Release|Any CPU
		{4D5A84E2-D311-45FD-A2F6-4C5C9C569AFF}.Debug|Any CPU.ActiveCfg = Debug|Any CPU
		{4D5A84E2-D311-45FD-A2F6-4C5C9C569AFF}.Debug|Any CPU.Build.0 = Debug|Any CPU
		{4D5A84E2-D311-45FD-A2F6-4C5C9C569AFF}.Release|Any CPU.ActiveCfg = Release|Any CPU
		{4D5A84E2-D311-45FD-A2F6-4C5C9C569AFF}.Release|Any CPU.Build.0 = Release|Any CPU
		{7FBF4EA5-EC31-4B39-A48D-D9301F4B7934}.Debug|Any CPU.ActiveCfg = Debug|Any CPU
		{7FBF4EA5-EC31-4B39-A48D-D9301F4B7934}.Debug|Any CPU.Build.0 = Debug|Any CPU
		{7FBF4EA5-EC31-4B39-A48D-D9301F4B7934}.Release|Any CPU.ActiveCfg = Release|Any CPU
		{7FBF4EA5-EC31-4B39-A48D-D9301F4B7934}.Release|Any CPU.Build.0 = Release|Any CPU
		{2600E5E4-C02F-4023-97D3-854422D49052}.Debug|Any CPU.ActiveCfg = Debug|Any CPU
		{2600E5E4-C02F-4023-97D3-854422D49052}.Debug|Any CPU.Build.0 = Debug|Any CPU
		{2600E5E4-C02F-4023-97D3-854422D49052}.Release|Any CPU.ActiveCfg = Release|Any CPU
		{2600E5E4-C02F-4023-97D3-854422D49052}.Release|Any CPU.Build.0 = Release|Any CPU
	EndGlobalSection
	GlobalSection(SolutionProperties) = preSolution
		HideSolutionNode = FALSE
	EndGlobalSection
	GlobalSection(ExtensibilityGlobals) = postSolution
		SolutionGuid = {8E531226-1D18-4FE5-8127-02AA17143BB9}
	EndGlobalSection
EndGlobal
