
Microsoft Visual Studio Solution File, Format Version 12.00
# Visual Studio Version 17
VisualStudioVersion = 17.9.34607.119
MinimumVisualStudioVersion = 10.0.40219.1
Project("{9A19103F-16F7-4668-BE54-9A1E7A4F7556}") = "01. Class Box Data", "01. Class Box Data\01. Class Box Data.csproj", "{27C20AAB-3A6B-422E-84B6-0536706F1934}"
EndProject
Project("{9A19103F-16F7-4668-BE54-9A1E7A4F7556}") = "02. Animal Farm", "02. Animal Farm\02. Animal Farm.csproj", "{A537B10D-B40D-4016-A7CD-08636F9AC37A}"
EndProject
Project("{FAE04EC0-301F-11D3-BF4B-00C04F79EFBC}") = "03. Shopping Spree", "03. Shopping Spree\03. Shopping Spree.csproj", "{EF011EC8-DD30-4393-8C43-B8BB146E8C42}"
EndProject
Project("{FAE04EC0-301F-11D3-BF4B-00C04F79EFBC}") = "04. Pizza Calories", "04. Pizza Calories\04. Pizza Calories.csproj", "{482DA137-9146-4CF4-8512-2DD5A4C44CE2}"
EndProject
Global
	GlobalSection(SolutionConfigurationPlatforms) = preSolution
		Debug|Any CPU = Debug|Any CPU
		Release|Any CPU = Release|Any CPU
	EndGlobalSection
	GlobalSection(ProjectConfigurationPlatforms) = postSolution
		{27C20AAB-3A6B-422E-84B6-0536706F1934}.Debug|Any CPU.ActiveCfg = Debug|Any CPU
		{27C20AAB-3A6B-422E-84B6-0536706F1934}.Debug|Any CPU.Build.0 = Debug|Any CPU
		{27C20AAB-3A6B-422E-84B6-0536706F1934}.Release|Any CPU.ActiveCfg = Release|Any CPU
		{27C20AAB-3A6B-422E-84B6-0536706F1934}.Release|Any CPU.Build.0 = Release|Any CPU
		{A537B10D-B40D-4016-A7CD-08636F9AC37A}.Debug|Any CPU.ActiveCfg = Debug|Any CPU
		{A537B10D-B40D-4016-A7CD-08636F9AC37A}.Debug|Any CPU.Build.0 = Debug|Any CPU
		{A537B10D-B40D-4016-A7CD-08636F9AC37A}.Release|Any CPU.ActiveCfg = Release|Any CPU
		{A537B10D-B40D-4016-A7CD-08636F9AC37A}.Release|Any CPU.Build.0 = Release|Any CPU
		{EF011EC8-DD30-4393-8C43-B8BB146E8C42}.Debug|Any CPU.ActiveCfg = Debug|Any CPU
		{EF011EC8-DD30-4393-8C43-B8BB146E8C42}.Debug|Any CPU.Build.0 = Debug|Any CPU
		{EF011EC8-DD30-4393-8C43-B8BB146E8C42}.Release|Any CPU.ActiveCfg = Release|Any CPU
		{EF011EC8-DD30-4393-8C43-B8BB146E8C42}.Release|Any CPU.Build.0 = Release|Any CPU
		{482DA137-9146-4CF4-8512-2DD5A4C44CE2}.Debug|Any CPU.ActiveCfg = Debug|Any CPU
		{482DA137-9146-4CF4-8512-2DD5A4C44CE2}.Debug|Any CPU.Build.0 = Debug|Any CPU
		{482DA137-9146-4CF4-8512-2DD5A4C44CE2}.Release|Any CPU.ActiveCfg = Release|Any CPU
		{482DA137-9146-4CF4-8512-2DD5A4C44CE2}.Release|Any CPU.Build.0 = Release|Any CPU
	EndGlobalSection
	GlobalSection(SolutionProperties) = preSolution
		HideSolutionNode = FALSE
	EndGlobalSection
	GlobalSection(ExtensibilityGlobals) = postSolution
		SolutionGuid = {80D896C5-C866-4413-8BDC-BABB6ACF46CA}
	EndGlobalSection
EndGlobal
