
Microsoft Visual Studio Solution File, Format Version 12.00
# Visual Studio Version 17
VisualStudioVersion = 17.9.34607.119
MinimumVisualStudioVersion = 10.0.40219.1
Project("{FAE04EC0-301F-11D3-BF4B-00C04F79EFBC}") = "01. Define an Interface IPerson", "01. Define an Interface IPerson\01. Define an Interface IPerson.csproj", "{7397FA4A-AB38-4649-8E85-4FDF6C92845C}"
EndProject
Project("{FAE04EC0-301F-11D3-BF4B-00C04F79EFBC}") = "02. Multiple Implementation", "02. Multiple Implementation\02. Multiple Implementation.csproj", "{6424A89F-E2E9-4A61-8032-FD205171291E}"
EndProject
Project("{FAE04EC0-301F-11D3-BF4B-00C04F79EFBC}") = "03. Telephony", "03. Telephony\03. Telephony.csproj", "{E97D8E71-A258-46E2-9995-5D4A6E688893}"
EndProject
Project("{FAE04EC0-301F-11D3-BF4B-00C04F79EFBC}") = "04. Border Control", "04. Border Control\04. Border Control.csproj", "{C6289610-1B4E-4B1B-AD53-A76ED32DD387}"
EndProject
Global
	GlobalSection(SolutionConfigurationPlatforms) = preSolution
		Debug|Any CPU = Debug|Any CPU
		Release|Any CPU = Release|Any CPU
	EndGlobalSection
	GlobalSection(ProjectConfigurationPlatforms) = postSolution
		{7397FA4A-AB38-4649-8E85-4FDF6C92845C}.Debug|Any CPU.ActiveCfg = Debug|Any CPU
		{7397FA4A-AB38-4649-8E85-4FDF6C92845C}.Debug|Any CPU.Build.0 = Debug|Any CPU
		{7397FA4A-AB38-4649-8E85-4FDF6C92845C}.Release|Any CPU.ActiveCfg = Release|Any CPU
		{7397FA4A-AB38-4649-8E85-4FDF6C92845C}.Release|Any CPU.Build.0 = Release|Any CPU
		{6424A89F-E2E9-4A61-8032-FD205171291E}.Debug|Any CPU.ActiveCfg = Debug|Any CPU
		{6424A89F-E2E9-4A61-8032-FD205171291E}.Debug|Any CPU.Build.0 = Debug|Any CPU
		{6424A89F-E2E9-4A61-8032-FD205171291E}.Release|Any CPU.ActiveCfg = Release|Any CPU
		{6424A89F-E2E9-4A61-8032-FD205171291E}.Release|Any CPU.Build.0 = Release|Any CPU
		{E97D8E71-A258-46E2-9995-5D4A6E688893}.Debug|Any CPU.ActiveCfg = Debug|Any CPU
		{E97D8E71-A258-46E2-9995-5D4A6E688893}.Debug|Any CPU.Build.0 = Debug|Any CPU
		{E97D8E71-A258-46E2-9995-5D4A6E688893}.Release|Any CPU.ActiveCfg = Release|Any CPU
		{E97D8E71-A258-46E2-9995-5D4A6E688893}.Release|Any CPU.Build.0 = Release|Any CPU
		{C6289610-1B4E-4B1B-AD53-A76ED32DD387}.Debug|Any CPU.ActiveCfg = Debug|Any CPU
		{C6289610-1B4E-4B1B-AD53-A76ED32DD387}.Debug|Any CPU.Build.0 = Debug|Any CPU
		{C6289610-1B4E-4B1B-AD53-A76ED32DD387}.Release|Any CPU.ActiveCfg = Release|Any CPU
		{C6289610-1B4E-4B1B-AD53-A76ED32DD387}.Release|Any CPU.Build.0 = Release|Any CPU
	EndGlobalSection
	GlobalSection(SolutionProperties) = preSolution
		HideSolutionNode = FALSE
	EndGlobalSection
	GlobalSection(ExtensibilityGlobals) = postSolution
		SolutionGuid = {444CB594-D995-4D9E-97C7-9DE2870997D8}
	EndGlobalSection
EndGlobal
