
Microsoft Visual Studio Solution File, Format Version 12.00
# Visual Studio Version 17
VisualStudioVersion = 17.9.34607.119
MinimumVisualStudioVersion = 10.0.40219.1
Project("{9A19103F-16F7-4668-BE54-9A1E7A4F7556}") = "NauticalCatchChallenge", "NauticalCatchChallenge.csproj", "{D5BB2918-2FB7-428B-93F5-1D7A48441DC8}"
EndProject
Global
	GlobalSection(SolutionConfigurationPlatforms) = preSolution
		Debug|Any CPU = Debug|Any CPU
		Release|Any CPU = Release|Any CPU
	EndGlobalSection
	GlobalSection(ProjectConfigurationPlatforms) = postSolution
		{D5BB2918-2FB7-428B-93F5-1D7A48441DC8}.Debug|Any CPU.ActiveCfg = Debug|Any CPU
		{D5BB2918-2FB7-428B-93F5-1D7A48441DC8}.Debug|Any CPU.Build.0 = Debug|Any CPU
		{D5BB2918-2FB7-428B-93F5-1D7A48441DC8}.Release|Any CPU.ActiveCfg = Release|Any CPU
		{D5BB2918-2FB7-428B-93F5-1D7A48441DC8}.Release|Any CPU.Build.0 = Release|Any CPU
	EndGlobalSection
	GlobalSection(SolutionProperties) = preSolution
		HideSolutionNode = FALSE
	EndGlobalSection
	GlobalSection(ExtensibilityGlobals) = postSolution
		SolutionGuid = {59B272E2-BB24-4DA2-A1FC-EFFA0565236A}
	EndGlobalSection
EndGlobal
